// !$*UTF8*$!
{
	archiveVersion = 1;
	classes = {
	};
	objectVersion = 77;
	objects = {

/* Begin PBXBuildFile section */
		3F03DE0211159973516BB785 /* MeetingAssistantCore in Frameworks */ = {isa = PBXBuildFile; productRef = 38B4793F12BE4C852414ED2F /* MeetingAssistantCore */; };
		67EFEA61F7E1C1B39F839DA8 /* Assets.xcassets in Resources */ = {isa = PBXBuildFile; fileRef = 15415C8C013D084568C9F895 /* Assets.xcassets */; };
		791585666AC34712B12EC196 /* InfoPlist.strings in Resources */ = {isa = PBXBuildFile; fileRef = 833251DCBCC51B7EF6E85459 /* InfoPlist.strings */; };
		7B35EE173CC9EBE38AADFF8B /* MeetingAssistantApp.swift in Sources */ = {isa = PBXBuildFile; fileRef = C8B2BBB31BDAF910C61928AC /* MeetingAssistantApp.swift */; };
		ED78B9DB44D9C2C412DE3ECD /* GlobalShortcutController.swift in Sources */ = {isa = PBXBuildFile; fileRef = A99BC45676052C0208825CE2 /* GlobalShortcutController.swift */; };
/* End PBXBuildFile section */

/* Begin PBXFileReference section */
		00BF240857B0E7CEBE822856 /* MeetingAssistant.app */ = {isa = PBXFileReference; explicitFileType = wrapper.application; includeInIndex = 0; path = MeetingAssistant.app; sourceTree = BUILT_PRODUCTS_DIR; };
		0A8EF075303DE0711DC480BA /* pt-BR */ = {isa = PBXFileReference; lastKnownFileType = text.plist.strings; name = "pt-BR"; path = "pt-BR.lproj/InfoPlist.strings"; sourceTree = "<group>"; };
		15415C8C013D084568C9F895 /* Assets.xcassets */ = {isa = PBXFileReference; lastKnownFileType = folder.assetcatalog; path = Assets.xcassets; sourceTree = "<group>"; };
		35318EC4A95F6DC94F7B7E05 /* MeetingAssistantCore */ = {isa = PBXFileReference; lastKnownFileType = folder; name = MeetingAssistantCore; path = Packages/MeetingAssistantCore; sourceTree = SOURCE_ROOT; };
		4394AB0636110AD9B3FCC8FB /* Info.plist */ = {isa = PBXFileReference; lastKnownFileType = text.plist; path = Info.plist; sourceTree = "<group>"; };
		8C5560DF654F0B06D2610131 /* en */ = {isa = PBXFileReference; lastKnownFileType = text.plist.strings; name = en; path = en.lproj/InfoPlist.strings; sourceTree = "<group>"; };
		A99BC45676052C0208825CE2 /* GlobalShortcutController.swift */ = {isa = PBXFileReference; lastKnownFileType = sourcecode.swift; path = GlobalShortcutController.swift; sourceTree = "<group>"; };
		C8B2BBB31BDAF910C61928AC /* MeetingAssistantApp.swift */ = {isa = PBXFileReference; lastKnownFileType = sourcecode.swift; path = MeetingAssistantApp.swift; sourceTree = "<group>"; };
/* End PBXFileReference section */

/* Begin PBXFrameworksBuildPhase section */
		E73F3666792546EC762B746A /* Frameworks */ = {
			isa = PBXFrameworksBuildPhase;
			buildActionMask = 2147483647;
			files = (
				3F03DE0211159973516BB785 /* MeetingAssistantCore in Frameworks */,
			);
			runOnlyForDeploymentPostprocessing = 0;
		};
/* End PBXFrameworksBuildPhase section */

/* Begin PBXGroup section */
		5CF343346B9D46E81A90DA29 /* App */ = {
			isa = PBXGroup;
			children = (
				15415C8C013D084568C9F895 /* Assets.xcassets */,
				A99BC45676052C0208825CE2 /* GlobalShortcutController.swift */,
				4394AB0636110AD9B3FCC8FB /* Info.plist */,
				833251DCBCC51B7EF6E85459 /* InfoPlist.strings */,
				C8B2BBB31BDAF910C61928AC /* MeetingAssistantApp.swift */,
			);
			path = App;
			sourceTree = "<group>";
		};
		8605F8A74990CABBEFD1C8E6 = {
			isa = PBXGroup;
			children = (
				5CF343346B9D46E81A90DA29 /* App */,
				F8A567EC1E4740D1F221AE22 /* Packages */,
				C4222C81F32E97FC44443933 /* Products */,
			);
			sourceTree = "<group>";
		};
		C4222C81F32E97FC44443933 /* Products */ = {
			isa = PBXGroup;
			children = (
				00BF240857B0E7CEBE822856 /* MeetingAssistant.app */,
			);
			name = Products;
			sourceTree = "<group>";
		};
		F8A567EC1E4740D1F221AE22 /* Packages */ = {
			isa = PBXGroup;
			children = (
				35318EC4A95F6DC94F7B7E05 /* MeetingAssistantCore */,
			);
			path = Packages;
			sourceTree = "<group>";
		};
/* End PBXGroup section */

/* Begin PBXNativeTarget section */
		5D68C60BA1C59CB2A79D13F0 /* MeetingAssistant */ = {
			isa = PBXNativeTarget;
			buildConfigurationList = 9A03346E76FD2E307EEE752E /* Build configuration list for PBXNativeTarget "MeetingAssistant" */;
			buildPhases = (
				39619CA28397798BF02CF90D /* Sources */,
				4406995276713BCE01038784 /* Resources */,
				E73F3666792546EC762B746A /* Frameworks */,
			);
			buildRules = (
			);
			dependencies = (
			);
			name = MeetingAssistant;
			packageProductDependencies = (
				38B4793F12BE4C852414ED2F /* MeetingAssistantCore */,
			);
			productName = MeetingAssistant;
			productReference = 00BF240857B0E7CEBE822856 /* MeetingAssistant.app */;
			productType = "com.apple.product-type.application";
		};
/* End PBXNativeTarget section */

/* Begin PBXProject section */
		3B630421A8CCC5559DA541DB /* Project object */ = {
			isa = PBXProject;
			attributes = {
				BuildIndependentTargetsInParallel = YES;
				LastUpgradeCheck = 1600;
				TargetAttributes = {
					5D68C60BA1C59CB2A79D13F0 = {
						DevelopmentTeam = "";
						ProvisioningStyle = Manual;
					};
				};
			};
			buildConfigurationList = DFB30C19125453AB8555E3A6 /* Build configuration list for PBXProject "MeetingAssistant" */;
			compatibilityVersion = "Xcode 14.0";
			developmentRegion = en;
			hasScannedForEncodings = 0;
			knownRegions = (
				Base,
				en,
				"pt-BR",
			);
			mainGroup = 8605F8A74990CABBEFD1C8E6;
			minimizedProjectReferenceProxies = 1;
			packageReferences = (
				EBC3EC3624C8C0EF26E7BE1D /* XCLocalSwiftPackageReference "Packages/MeetingAssistantCore" */,
			);
			preferredProjectObjectVersion = 77;
			projectDirPath = "";
			projectRoot = "";
			targets = (
				5D68C60BA1C59CB2A79D13F0 /* MeetingAssistant */,
			);
		};
/* End PBXProject section */

/* Begin PBXResourcesBuildPhase section */
		4406995276713BCE01038784 /* Resources */ = {
			isa = PBXResourcesBuildPhase;
			buildActionMask = 2147483647;
			files = (
				67EFEA61F7E1C1B39F839DA8 /* Assets.xcassets in Resources */,
				791585666AC34712B12EC196 /* InfoPlist.strings in Resources */,
			);
			runOnlyForDeploymentPostprocessing = 0;
		};
/* End PBXResourcesBuildPhase section */

/* Begin PBXSourcesBuildPhase section */
		39619CA28397798BF02CF90D /* Sources */ = {
			isa = PBXSourcesBuildPhase;
			buildActionMask = 2147483647;
			files = (
				ED78B9DB44D9C2C412DE3ECD /* GlobalShortcutController.swift in Sources */,
				7B35EE173CC9EBE38AADFF8B /* MeetingAssistantApp.swift in Sources */,
			);
			runOnlyForDeploymentPostprocessing = 0;
		};
/* End PBXSourcesBuildPhase section */

/* Begin PBXVariantGroup section */
		833251DCBCC51B7EF6E85459 /* InfoPlist.strings */ = {
			isa = PBXVariantGroup;
			children = (
				8C5560DF654F0B06D2610131 /* en */,
				0A8EF075303DE0711DC480BA /* pt-BR */,
			);
			name = InfoPlist.strings;
			sourceTree = "<group>";
		};
/* End PBXVariantGroup section */

/* Begin XCBuildConfiguration section */
		070AA0D888F49981B20F071D /* Release */ = {
			isa = XCBuildConfiguration;
			buildSettings = {
				ASSETCATALOG_COMPILER_APPICON_NAME = AppIcon;
				CODE_SIGN_ENTITLEMENTS = App/MeetingAssistant.entitlements;
				COMBINE_HIDPI_IMAGES = YES;
				ENABLE_HARDENED_RUNTIME = NO;
				INFOPLIST_FILE = App/Info.plist;
				LD_RUNPATH_SEARCH_PATHS = (
					"@executable_path/../Frameworks",
				);
				PRODUCT_BUNDLE_IDENTIFIER = com.meetingassistant.app;
				PRODUCT_NAME = MeetingAssistant;
				SDKROOT = macosx;
			};
			name = Release;
		};
		0A55FDF1BEE5D031447CB793 /* Debug */ = {
			isa = XCBuildConfiguration;
			buildSettings = {
				ALWAYS_SEARCH_USER_PATHS = NO;
				CLANG_ANALYZER_NONNULL = YES;
				CLANG_ANALYZER_NUMBER_OBJECT_CONVERSION = YES_AGGRESSIVE;
				CLANG_CXX_LANGUAGE_STANDARD = "gnu++14";
				CLANG_CXX_LIBRARY = "libc++";
				CLANG_ENABLE_MODULES = YES;
				CLANG_ENABLE_OBJC_ARC = YES;
				CLANG_ENABLE_OBJC_WEAK = YES;
				CLANG_WARN_BLOCK_CAPTURE_AUTORELEASING = YES;
				CLANG_WARN_BOOL_CONVERSION = YES;
				CLANG_WARN_COMMA = YES;
				CLANG_WARN_CONSTANT_CONVERSION = YES;
				CLANG_WARN_DEPRECATED_OBJC_IMPLEMENTATIONS = YES;
				CLANG_WARN_DIRECT_OBJC_ISA_USAGE = YES_ERROR;
				CLANG_WARN_DOCUMENTATION_COMMENTS = YES;
				CLANG_WARN_EMPTY_BODY = YES;
				CLANG_WARN_ENUM_CONVERSION = YES;
				CLANG_WARN_INFINITE_RECURSION = YES;
				CLANG_WARN_INT_CONVERSION = YES;
				CLANG_WARN_NON_LITERAL_NULL_CONVERSION = YES;
				CLANG_WARN_OBJC_IMPLICIT_RETAIN_SELF = YES;
				CLANG_WARN_OBJC_LITERAL_CONVERSION = YES;
				CLANG_WARN_OBJC_ROOT_CLASS = YES_ERROR;
				CLANG_WARN_QUOTED_INCLUDE_IN_FRAMEWORK_HEADER = YES;
				CLANG_WARN_RANGE_LOOP_ANALYSIS = YES;
				CLANG_WARN_STRICT_PROTOTYPES = YES;
				CLANG_WARN_SUSPICIOUS_MOVE = YES;
				CLANG_WARN_UNGUARDED_AVAILABILITY = YES_AGGRESSIVE;
				CLANG_WARN_UNREACHABLE_CODE = YES;
				CLANG_WARN__DUPLICATE_METHOD_MATCH = YES;
				CODE_SIGN_IDENTITY = "-";
				CODE_SIGN_STYLE = Manual;
				COPY_PHASE_STRIP = NO;
				DEBUG_INFORMATION_FORMAT = dwarf;
				DEVELOPMENT_TEAM = "";
				ENABLE_STRICT_OBJC_MSGSEND = YES;
				ENABLE_TESTABILITY = YES;
				GCC_C_LANGUAGE_STANDARD = gnu11;
				GCC_DYNAMIC_NO_PIC = NO;
				GCC_NO_COMMON_BLOCKS = YES;
				GCC_OPTIMIZATION_LEVEL = 0;
				GCC_PREPROCESSOR_DEFINITIONS = (
					"$(inherited)",
					"DEBUG=1",
				);
				GCC_WARN_64_TO_32_BIT_CONVERSION = YES;
				GCC_WARN_ABOUT_RETURN_TYPE = YES_ERROR;
				GCC_WARN_UNDECLARED_SELECTOR = YES;
				GCC_WARN_UNINITIALIZED_AUTOS = YES_AGGRESSIVE;
				GCC_WARN_UNUSED_FUNCTION = YES;
				GCC_WARN_UNUSED_VARIABLE = YES;
				MACOSX_DEPLOYMENT_TARGET = 14.0;
				MTL_ENABLE_DEBUG_INFO = INCLUDE_SOURCE;
				MTL_FAST_MATH = YES;
				ONLY_ACTIVE_ARCH = YES;
				PRODUCT_NAME = "$(TARGET_NAME)";
				SDKROOT = macosx;
				SWIFT_ACTIVE_COMPILATION_CONDITIONS = DEBUG;
				SWIFT_OPTIMIZATION_LEVEL = "-Onone";
				SWIFT_VERSION = 6.0;
			};
			name = Debug;
		};
		10A813E5FF1C8C1EEF675F73 /* Debug */ = {
			isa = XCBuildConfiguration;
			buildSettings = {
				ASSETCATALOG_COMPILER_APPICON_NAME = AppIcon;
				CODE_SIGN_ENTITLEMENTS = App/MeetingAssistant.entitlements;
				COMBINE_HIDPI_IMAGES = YES;
				ENABLE_HARDENED_RUNTIME = NO;
				INFOPLIST_FILE = App/Info.plist;
				LD_RUNPATH_SEARCH_PATHS = (
					"@executable_path/../Frameworks",
				);
				PRODUCT_BUNDLE_IDENTIFIER = com.meetingassistant.app;
				PRODUCT_NAME = MeetingAssistant;
				SDKROOT = macosx;
			};
			name = Debug;
		};
		F17EC149515900FB817B6C14 /* Release */ = {
			isa = XCBuildConfiguration;
			buildSettings = {
				ALWAYS_SEARCH_USER_PATHS = NO;
				CLANG_ANALYZER_NONNULL = YES;
				CLANG_ANALYZER_NUMBER_OBJECT_CONVERSION = YES_AGGRESSIVE;
				CLANG_CXX_LANGUAGE_STANDARD = "gnu++14";
				CLANG_CXX_LIBRARY = "libc++";
				CLANG_ENABLE_MODULES = YES;
				CLANG_ENABLE_OBJC_ARC = YES;
				CLANG_ENABLE_OBJC_WEAK = YES;
				CLANG_WARN_BLOCK_CAPTURE_AUTORELEASING = YES;
				CLANG_WARN_BOOL_CONVERSION = YES;
				CLANG_WARN_COMMA = YES;
				CLANG_WARN_CONSTANT_CONVERSION = YES;
				CLANG_WARN_DEPRECATED_OBJC_IMPLEMENTATIONS = YES;
				CLANG_WARN_DIRECT_OBJC_ISA_USAGE = YES_ERROR;
				CLANG_WARN_DOCUMENTATION_COMMENTS = YES;
				CLANG_WARN_EMPTY_BODY = YES;
				CLANG_WARN_ENUM_CONVERSION = YES;
				CLANG_WARN_INFINITE_RECURSION = YES;
				CLANG_WARN_INT_CONVERSION = YES;
				CLANG_WARN_NON_LITERAL_NULL_CONVERSION = YES;
				CLANG_WARN_OBJC_IMPLICIT_RETAIN_SELF = YES;
				CLANG_WARN_OBJC_LITERAL_CONVERSION = YES;
				CLANG_WARN_OBJC_ROOT_CLASS = YES_ERROR;
				CLANG_WARN_QUOTED_INCLUDE_IN_FRAMEWORK_HEADER = YES;
				CLANG_WARN_RANGE_LOOP_ANALYSIS = YES;
				CLANG_WARN_STRICT_PROTOTYPES = YES;
				CLANG_WARN_SUSPICIOUS_MOVE = YES;
				CLANG_WARN_UNGUARDED_AVAILABILITY = YES_AGGRESSIVE;
				CLANG_WARN_UNREACHABLE_CODE = YES;
				CLANG_WARN__DUPLICATE_METHOD_MATCH = YES;
				CODE_SIGN_IDENTITY = "-";
				CODE_SIGN_STYLE = Manual;
				COPY_PHASE_STRIP = NO;
				DEBUG_INFORMATION_FORMAT = "dwarf-with-dsym";
				DEVELOPMENT_TEAM = "";
				ENABLE_NS_ASSERTIONS = NO;
				ENABLE_STRICT_OBJC_MSGSEND = YES;
				GCC_C_LANGUAGE_STANDARD = gnu11;
				GCC_NO_COMMON_BLOCKS = YES;
				GCC_WARN_64_TO_32_BIT_CONVERSION = YES;
				GCC_WARN_ABOUT_RETURN_TYPE = YES_ERROR;
				GCC_WARN_UNDECLARED_SELECTOR = YES;
				GCC_WARN_UNINITIALIZED_AUTOS = YES_AGGRESSIVE;
				GCC_WARN_UNUSED_FUNCTION = YES;
				GCC_WARN_UNUSED_VARIABLE = YES;
				MACOSX_DEPLOYMENT_TARGET = 14.0;
				MTL_ENABLE_DEBUG_INFO = NO;
				MTL_FAST_MATH = YES;
				PRODUCT_NAME = "$(TARGET_NAME)";
				SDKROOT = macosx;
				SWIFT_COMPILATION_MODE = wholemodule;
				SWIFT_OPTIMIZATION_LEVEL = "-O";
				SWIFT_VERSION = 6.0;
			};
			name = Release;
		};
/* End XCBuildConfiguration section */

/* Begin XCConfigurationList section */
		9A03346E76FD2E307EEE752E /* Build configuration list for PBXNativeTarget "MeetingAssistant" */ = {
			isa = XCConfigurationList;
			buildConfigurations = (
				10A813E5FF1C8C1EEF675F73 /* Debug */,
				070AA0D888F49981B20F071D /* Release */,
			);
			defaultConfigurationIsVisible = 0;
			defaultConfigurationName = Debug;
		};
		DFB30C19125453AB8555E3A6 /* Build configuration list for PBXProject "MeetingAssistant" */ = {
			isa = XCConfigurationList;
			buildConfigurations = (
				0A55FDF1BEE5D031447CB793 /* Debug */,
				F17EC149515900FB817B6C14 /* Release */,
			);
			defaultConfigurationIsVisible = 0;
			defaultConfigurationName = Debug;
		};
/* End XCConfigurationList section */

/* Begin XCLocalSwiftPackageReference section */
		EBC3EC3624C8C0EF26E7BE1D /* XCLocalSwiftPackageReference "Packages/MeetingAssistantCore" */ = {
			isa = XCLocalSwiftPackageReference;
			relativePath = Packages/MeetingAssistantCore;
		};
/* End XCLocalSwiftPackageReference section */

/* Begin XCSwiftPackageProductDependency section */
		38B4793F12BE4C852414ED2F /* MeetingAssistantCore */ = {
			isa = XCSwiftPackageProductDependency;
			productName = MeetingAssistantCore;
		};
/* End XCSwiftPackageProductDependency section */
	};
	rootObject = 3B630421A8CCC5559DA541DB /* Project object */;
}
